
Microsoft Visual Studio Solution File, Format Version 12.00
# Visual Studio Version 16
VisualStudioVersion = 16.0.30002.166
MinimumVisualStudioVersion = 10.0.40219.1
Project("{8BC9CEB8-8B4A-11D0-8D11-00A0C91BC942}") = "Collect Able", "Collect Able.vcxproj", "{3A7D4D37-E43C-4C30-836F-E8BF523122CF}"
EndProject
Global
	GlobalSection(SolutionConfigurationPlatforms) = preSolution
		Debug|x64 = Debug|x64
		Debug|x86 = Debug|x86
		Release|x64 = Release|x64
		Release|x86 = Release|x86
	EndGlobalSection
	GlobalSection(ProjectConfigurationPlatforms) = postSolution
		{3A7D4D37-E43C-4C30-836F-E8BF523122CF}.Debug|x64.ActiveCfg = Debug|x64
		{3A7D4D37-E43C-4C30-836F-E8BF523122CF}.Debug|x64.Build.0 = Debug|x64
		{3A7D4D37-E43C-4C30-836F-E8BF523122CF}.Debug|x86.ActiveCfg = Debug|Win32
		{3A7D4D37-E43C-4C30-836F-E8BF523122CF}.Debug|x86.Build.0 = Debug|Win32
		{3A7D4D37-E43C-4C30-836F-E8BF523122CF}.Release|x64.ActiveCfg = Release|x64
		{3A7D4D37-E43C-4C30-836F-E8BF523122CF}.Release|x64.Build.0 = Release|x64
		{3A7D4D37-E43C-4C30-836F-E8BF523122CF}.Release|x86.ActiveCfg = Release|Win32
		{3A7D4D37-E43C-4C30-836F-E8BF523122CF}.Release|x86.Build.0 = Release|Win32
	EndGlobalSection
	GlobalSection(SolutionProperties) = preSolution
		HideSolutionNode = FALSE
	EndGlobalSection
	GlobalSection(ExtensibilityGlobals) = postSolution
		SolutionGuid = {0B5B7FAA-7967-4CF5-B076-16A552F3467F}
	EndGlobalSection
EndGlobal
